
Microsoft Visual Studio Solution File, Format Version 11.00
# Visual Studio 2010
Project("{2150E333-8FDC-42A3-9474-1A3956D46DE8}") = "Examples", "Examples", "{B179EEDB-BEBB-417C-A870-782A4B66F522}"
EndProject
Project("{FAE04EC0-301F-11D3-BF4B-00C04F79EFBC}") = "PropertyTools.Wpf", "PropertyTools.Wpf\PropertyTools.Wpf.csproj", "{7168F82F-288A-42C4-9EB1-FBBE5112F211}"
EndProject
Project("{FAE04EC0-301F-11D3-BF4B-00C04F79EFBC}") = "DialogDemos", "Examples\DialogDemos\DialogDemos.csproj", "{CFB2DADD-2021-46D8-90C1-D30B8A6457DB}"
EndProject
Project("{FAE04EC0-301F-11D3-BF4B-00C04F79EFBC}") = "PropertyTools.Wpf.Tests", "PropertyTools.Wpf.Tests\PropertyTools.Wpf.Tests.csproj", "{470CC9A4-F4F4-429E-8F38-A2957F3EBE58}"
EndProject
Project("{FAE04EC0-301F-11D3-BF4B-00C04F79EFBC}") = "ControlDemos", "Examples\ControlDemos\ControlDemos.csproj", "{D9322347-F177-480E-B1CC-AC77A4051882}"
EndProject
Project("{2150E333-8FDC-42A3-9474-1A3956D46DE8}") = "ItemsBag", "ItemsBag", "{BAF85352-3D81-4D18-A179-A867EF56633A}"
EndProject
Project("{FAE04EC0-301F-11D3-BF4B-00C04F79EFBC}") = "ItemsBagDemo", "Examples\ItemsBag\ItemsBagDemo\ItemsBagDemo.csproj", "{DF4B1E0F-5024-43DD-9D39-94CAE88DBA9E}"
EndProject
Project("{2150E333-8FDC-42A3-9474-1A3956D46DE8}") = "PropertyControl", "PropertyControl", "{495DE1C6-8AD0-4119-9279-02B5C2499D1F}"
EndProject
Project("{FAE04EC0-301F-11D3-BF4B-00C04F79EFBC}") = "PropertyControlDemo", "Examples\PropertyControl\PropertyControlDemo\PropertyControlDemo.csproj", "{B9B8A606-963F-414A-9365-24F5BEF21225}"
EndProject
Project("{FAE04EC0-301F-11D3-BF4B-00C04F79EFBC}") = "TestLibrary", "Examples\TestLibrary\TestLibrary.csproj", "{3A9FED3D-0EC6-412F-B690-5119A9EE2AD9}"
EndProject
Project("{FAE04EC0-301F-11D3-BF4B-00C04F79EFBC}") = "PropertyTools", "PropertyTools\PropertyTools.csproj", "{37466829-61F5-47FA-9E3E-9CEDCD9535C0}"
EndProject
Project("{FAE04EC0-301F-11D3-BF4B-00C04F79EFBC}") = "UndoRedoDemo", "Examples\PropertyControl\UndoRedoDemo\UndoRedoDemo.csproj", "{34675ACB-11F6-4F0D-8959-80F844CE7F2F}"
EndProject
Project("{FAE04EC0-301F-11D3-BF4B-00C04F79EFBC}") = "SimpleDemo", "Examples\PropertyControl\SimpleDemo\SimpleDemo.csproj", "{E74EA0C8-24AE-450F-80D0-25BAC8CA51B1}"
EndProject
Project("{2150E333-8FDC-42A3-9474-1A3956D46DE8}") = "TreeListBox", "TreeListBox", "{6E342E58-E11E-4C26-819D-4D0328920770}"
EndProject
Project("{FAE04EC0-301F-11D3-BF4B-00C04F79EFBC}") = "DirectoryDemo", "Examples\TreeListBox\DirectoryDemo\DirectoryDemo.csproj", "{C5E55363-7FF3-4D03-B213-10832008FCA2}"
EndProject
Project("{FAE04EC0-301F-11D3-BF4B-00C04F79EFBC}") = "TreeListBoxDemo", "Examples\TreeListBox\TreeListBoxDemo\TreeListBoxDemo.csproj", "{14EB6E22-BB3A-4E00-8C62-438F3A5C786C}"
EndProject
Project("{2150E333-8FDC-42A3-9474-1A3956D46DE8}") = "ItemsGrid", "ItemsGrid", "{9D139AB3-2AC9-46AD-BAE6-6C206724CC1F}"
EndProject
Project("{FAE04EC0-301F-11D3-BF4B-00C04F79EFBC}") = "FeaturesDemo", "Examples\ItemsGrid\FeaturesDemo\FeaturesDemo.csproj", "{348A711C-C4B7-499D-9418-8920FF953B2B}"
EndProject
Global
	GlobalSection(SolutionConfigurationPlatforms) = preSolution
		Debug|Any CPU = Debug|Any CPU
		Debug|Mixed Platforms = Debug|Mixed Platforms
		Debug|x86 = Debug|x86
		Release|Any CPU = Release|Any CPU
		Release|Mixed Platforms = Release|Mixed Platforms
		Release|x86 = Release|x86
	EndGlobalSection
	GlobalSection(ProjectConfigurationPlatforms) = postSolution
		{7168F82F-288A-42C4-9EB1-FBBE5112F211}.Debug|Any CPU.ActiveCfg = Debug|Any CPU
		{7168F82F-288A-42C4-9EB1-FBBE5112F211}.Debug|Any CPU.Build.0 = Debug|Any CPU
		{7168F82F-288A-42C4-9EB1-FBBE5112F211}.Debug|Mixed Platforms.ActiveCfg = Debug|Any CPU
		{7168F82F-288A-42C4-9EB1-FBBE5112F211}.Debug|Mixed Platforms.Build.0 = Debug|Any CPU
		{7168F82F-288A-42C4-9EB1-FBBE5112F211}.Debug|x86.ActiveCfg = Debug|Any CPU
		{7168F82F-288A-42C4-9EB1-FBBE5112F211}.Release|Any CPU.ActiveCfg = Release|Any CPU
		{7168F82F-288A-42C4-9EB1-FBBE5112F211}.Release|Any CPU.Build.0 = Release|Any CPU
		{7168F82F-288A-42C4-9EB1-FBBE5112F211}.Release|Mixed Platforms.ActiveCfg = Release|Any CPU
		{7168F82F-288A-42C4-9EB1-FBBE5112F211}.Release|Mixed Platforms.Build.0 = Release|Any CPU
		{7168F82F-288A-42C4-9EB1-FBBE5112F211}.Release|x86.ActiveCfg = Release|Any CPU
		{CFB2DADD-2021-46D8-90C1-D30B8A6457DB}.Debug|Any CPU.ActiveCfg = Debug|Any CPU
		{CFB2DADD-2021-46D8-90C1-D30B8A6457DB}.Debug|Any CPU.Build.0 = Debug|Any CPU
		{CFB2DADD-2021-46D8-90C1-D30B8A6457DB}.Debug|Mixed Platforms.ActiveCfg = Debug|Any CPU
		{CFB2DADD-2021-46D8-90C1-D30B8A6457DB}.Debug|Mixed Platforms.Build.0 = Debug|Any CPU
		{CFB2DADD-2021-46D8-90C1-D30B8A6457DB}.Debug|x86.ActiveCfg = Debug|Any CPU
		{CFB2DADD-2021-46D8-90C1-D30B8A6457DB}.Release|Any CPU.ActiveCfg = Release|Any CPU
		{CFB2DADD-2021-46D8-90C1-D30B8A6457DB}.Release|Any CPU.Build.0 = Release|Any CPU
		{CFB2DADD-2021-46D8-90C1-D30B8A6457DB}.Release|Mixed Platforms.ActiveCfg = Release|Any CPU
		{CFB2DADD-2021-46D8-90C1-D30B8A6457DB}.Release|Mixed Platforms.Build.0 = Release|Any CPU
		{CFB2DADD-2021-46D8-90C1-D30B8A6457DB}.Release|x86.ActiveCfg = Release|Any CPU
		{470CC9A4-F4F4-429E-8F38-A2957F3EBE58}.Debug|Any CPU.ActiveCfg = Debug|Any CPU
		{470CC9A4-F4F4-429E-8F38-A2957F3EBE58}.Debug|Any CPU.Build.0 = Debug|Any CPU
		{470CC9A4-F4F4-429E-8F38-A2957F3EBE58}.Debug|Mixed Platforms.ActiveCfg = Debug|Any CPU
		{470CC9A4-F4F4-429E-8F38-A2957F3EBE58}.Debug|Mixed Platforms.Build.0 = Debug|Any CPU
		{470CC9A4-F4F4-429E-8F38-A2957F3EBE58}.Debug|x86.ActiveCfg = Debug|Any CPU
		{470CC9A4-F4F4-429E-8F38-A2957F3EBE58}.Release|Any CPU.ActiveCfg = Release|Any CPU
		{470CC9A4-F4F4-429E-8F38-A2957F3EBE58}.Release|Any CPU.Build.0 = Release|Any CPU
		{470CC9A4-F4F4-429E-8F38-A2957F3EBE58}.Release|Mixed Platforms.ActiveCfg = Release|Any CPU
		{470CC9A4-F4F4-429E-8F38-A2957F3EBE58}.Release|Mixed Platforms.Build.0 = Release|Any CPU
		{470CC9A4-F4F4-429E-8F38-A2957F3EBE58}.Release|x86.ActiveCfg = Release|Any CPU
		{D9322347-F177-480E-B1CC-AC77A4051882}.Debug|Any CPU.ActiveCfg = Debug|x86
		{D9322347-F177-480E-B1CC-AC77A4051882}.Debug|Mixed Platforms.ActiveCfg = Debug|x86
		{D9322347-F177-480E-B1CC-AC77A4051882}.Debug|Mixed Platforms.Build.0 = Debug|x86
		{D9322347-F177-480E-B1CC-AC77A4051882}.Debug|x86.ActiveCfg = Debug|x86
		{D9322347-F177-480E-B1CC-AC77A4051882}.Debug|x86.Build.0 = Debug|x86
		{D9322347-F177-480E-B1CC-AC77A4051882}.Release|Any CPU.ActiveCfg = Release|x86
		{D9322347-F177-480E-B1CC-AC77A4051882}.Release|Mixed Platforms.ActiveCfg = Release|x86
		{D9322347-F177-480E-B1CC-AC77A4051882}.Release|Mixed Platforms.Build.0 = Release|x86
		{D9322347-F177-480E-B1CC-AC77A4051882}.Release|x86.ActiveCfg = Release|x86
		{D9322347-F177-480E-B1CC-AC77A4051882}.Release|x86.Build.0 = Release|x86
		{DF4B1E0F-5024-43DD-9D39-94CAE88DBA9E}.Debug|Any CPU.ActiveCfg = Debug|x86
		{DF4B1E0F-5024-43DD-9D39-94CAE88DBA9E}.Debug|Mixed Platforms.ActiveCfg = Debug|x86
		{DF4B1E0F-5024-43DD-9D39-94CAE88DBA9E}.Debug|Mixed Platforms.Build.0 = Debug|x86
		{DF4B1E0F-5024-43DD-9D39-94CAE88DBA9E}.Debug|x86.ActiveCfg = Debug|x86
		{DF4B1E0F-5024-43DD-9D39-94CAE88DBA9E}.Debug|x86.Build.0 = Debug|x86
		{DF4B1E0F-5024-43DD-9D39-94CAE88DBA9E}.Release|Any CPU.ActiveCfg = Release|x86
		{DF4B1E0F-5024-43DD-9D39-94CAE88DBA9E}.Release|Mixed Platforms.ActiveCfg = Release|x86
		{DF4B1E0F-5024-43DD-9D39-94CAE88DBA9E}.Release|Mixed Platforms.Build.0 = Release|x86
		{DF4B1E0F-5024-43DD-9D39-94CAE88DBA9E}.Release|x86.ActiveCfg = Release|x86
		{DF4B1E0F-5024-43DD-9D39-94CAE88DBA9E}.Release|x86.Build.0 = Release|x86
		{B9B8A606-963F-414A-9365-24F5BEF21225}.Debug|Any CPU.ActiveCfg = Debug|x86
		{B9B8A606-963F-414A-9365-24F5BEF21225}.Debug|Mixed Platforms.ActiveCfg = Debug|x86
		{B9B8A606-963F-414A-9365-24F5BEF21225}.Debug|Mixed Platforms.Build.0 = Debug|x86
		{B9B8A606-963F-414A-9365-24F5BEF21225}.Debug|x86.ActiveCfg = Debug|x86
		{B9B8A606-963F-414A-9365-24F5BEF21225}.Debug|x86.Build.0 = Debug|x86
		{B9B8A606-963F-414A-9365-24F5BEF21225}.Release|Any CPU.ActiveCfg = Release|x86
		{B9B8A606-963F-414A-9365-24F5BEF21225}.Release|Mixed Platforms.ActiveCfg = Release|x86
		{B9B8A606-963F-414A-9365-24F5BEF21225}.Release|Mixed Platforms.Build.0 = Release|x86
		{B9B8A606-963F-414A-9365-24F5BEF21225}.Release|x86.ActiveCfg = Release|x86
		{B9B8A606-963F-414A-9365-24F5BEF21225}.Release|x86.Build.0 = Release|x86
		{3A9FED3D-0EC6-412F-B690-5119A9EE2AD9}.Debug|Any CPU.ActiveCfg = Debug|Any CPU
		{3A9FED3D-0EC6-412F-B690-5119A9EE2AD9}.Debug|Any CPU.Build.0 = Debug|Any CPU
		{3A9FED3D-0EC6-412F-B690-5119A9EE2AD9}.Debug|Mixed Platforms.ActiveCfg = Debug|Any CPU
		{3A9FED3D-0EC6-412F-B690-5119A9EE2AD9}.Debug|Mixed Platforms.Build.0 = Debug|Any CPU
		{3A9FED3D-0EC6-412F-B690-5119A9EE2AD9}.Debug|x86.ActiveCfg = Debug|Any CPU
		{3A9FED3D-0EC6-412F-B690-5119A9EE2AD9}.Release|Any CPU.ActiveCfg = Release|Any CPU
		{3A9FED3D-0EC6-412F-B690-5119A9EE2AD9}.Release|Any CPU.Build.0 = Release|Any CPU
		{3A9FED3D-0EC6-412F-B690-5119A9EE2AD9}.Release|Mixed Platforms.ActiveCfg = Release|Any CPU
		{3A9FED3D-0EC6-412F-B690-5119A9EE2AD9}.Release|Mixed Platforms.Build.0 = Release|Any CPU
		{3A9FED3D-0EC6-412F-B690-5119A9EE2AD9}.Release|x86.ActiveCfg = Release|Any CPU
		{37466829-61F5-47FA-9E3E-9CEDCD9535C0}.Debug|Any CPU.ActiveCfg = Debug|Any CPU
		{37466829-61F5-47FA-9E3E-9CEDCD9535C0}.Debug|Any CPU.Build.0 = Debug|Any CPU
		{37466829-61F5-47FA-9E3E-9CEDCD9535C0}.Debug|Mixed Platforms.ActiveCfg = Debug|Any CPU
		{37466829-61F5-47FA-9E3E-9CEDCD9535C0}.Debug|Mixed Platforms.Build.0 = Debug|Any CPU
		{37466829-61F5-47FA-9E3E-9CEDCD9535C0}.Debug|x86.ActiveCfg = Debug|Any CPU
		{37466829-61F5-47FA-9E3E-9CEDCD9535C0}.Release|Any CPU.ActiveCfg = Release|Any CPU
		{37466829-61F5-47FA-9E3E-9CEDCD9535C0}.Release|Any CPU.Build.0 = Release|Any CPU
		{37466829-61F5-47FA-9E3E-9CEDCD9535C0}.Release|Mixed Platforms.ActiveCfg = Release|Any CPU
		{37466829-61F5-47FA-9E3E-9CEDCD9535C0}.Release|Mixed Platforms.Build.0 = Release|Any CPU
		{37466829-61F5-47FA-9E3E-9CEDCD9535C0}.Release|x86.ActiveCfg = Release|Any CPU
		{34675ACB-11F6-4F0D-8959-80F844CE7F2F}.Debug|Any CPU.ActiveCfg = Debug|x86
		{34675ACB-11F6-4F0D-8959-80F844CE7F2F}.Debug|Mixed Platforms.ActiveCfg = Debug|x86
		{34675ACB-11F6-4F0D-8959-80F844CE7F2F}.Debug|Mixed Platforms.Build.0 = Debug|x86
		{34675ACB-11F6-4F0D-8959-80F844CE7F2F}.Debug|x86.ActiveCfg = Debug|x86
		{34675ACB-11F6-4F0D-8959-80F844CE7F2F}.Debug|x86.Build.0 = Debug|x86
		{34675ACB-11F6-4F0D-8959-80F844CE7F2F}.Release|Any CPU.ActiveCfg = Release|x86
		{34675ACB-11F6-4F0D-8959-80F844CE7F2F}.Release|Mixed Platforms.ActiveCfg = Release|x86
		{34675ACB-11F6-4F0D-8959-80F844CE7F2F}.Release|Mixed Platforms.Build.0 = Release|x86
		{34675ACB-11F6-4F0D-8959-80F844CE7F2F}.Release|x86.ActiveCfg = Release|x86
		{34675ACB-11F6-4F0D-8959-80F844CE7F2F}.Release|x86.Build.0 = Release|x86
		{E74EA0C8-24AE-450F-80D0-25BAC8CA51B1}.Debug|Any CPU.ActiveCfg = Debug|x86
		{E74EA0C8-24AE-450F-80D0-25BAC8CA51B1}.Debug|Mixed Platforms.ActiveCfg = Debug|x86
		{E74EA0C8-24AE-450F-80D0-25BAC8CA51B1}.Debug|Mixed Platforms.Build.0 = Debug|x86
		{E74EA0C8-24AE-450F-80D0-25BAC8CA51B1}.Debug|x86.ActiveCfg = Debug|x86
		{E74EA0C8-24AE-450F-80D0-25BAC8CA51B1}.Debug|x86.Build.0 = Debug|x86
		{E74EA0C8-24AE-450F-80D0-25BAC8CA51B1}.Release|Any CPU.ActiveCfg = Release|x86
		{E74EA0C8-24AE-450F-80D0-25BAC8CA51B1}.Release|Mixed Platforms.ActiveCfg = Release|x86
		{E74EA0C8-24AE-450F-80D0-25BAC8CA51B1}.Release|Mixed Platforms.Build.0 = Release|x86
		{E74EA0C8-24AE-450F-80D0-25BAC8CA51B1}.Release|x86.ActiveCfg = Release|x86
		{E74EA0C8-24AE-450F-80D0-25BAC8CA51B1}.Release|x86.Build.0 = Release|x86
		{C5E55363-7FF3-4D03-B213-10832008FCA2}.Debug|Any CPU.ActiveCfg = Debug|x86
		{C5E55363-7FF3-4D03-B213-10832008FCA2}.Debug|Mixed Platforms.ActiveCfg = Debug|x86
		{C5E55363-7FF3-4D03-B213-10832008FCA2}.Debug|Mixed Platforms.Build.0 = Debug|x86
		{C5E55363-7FF3-4D03-B213-10832008FCA2}.Debug|x86.ActiveCfg = Debug|x86
		{C5E55363-7FF3-4D03-B213-10832008FCA2}.Debug|x86.Build.0 = Debug|x86
		{C5E55363-7FF3-4D03-B213-10832008FCA2}.Release|Any CPU.ActiveCfg = Release|x86
		{C5E55363-7FF3-4D03-B213-10832008FCA2}.Release|Mixed Platforms.ActiveCfg = Release|x86
		{C5E55363-7FF3-4D03-B213-10832008FCA2}.Release|Mixed Platforms.Build.0 = Release|x86
		{C5E55363-7FF3-4D03-B213-10832008FCA2}.Release|x86.ActiveCfg = Release|x86
		{C5E55363-7FF3-4D03-B213-10832008FCA2}.Release|x86.Build.0 = Release|x86
		{14EB6E22-BB3A-4E00-8C62-438F3A5C786C}.Debug|Any CPU.ActiveCfg = Debug|x86
		{14EB6E22-BB3A-4E00-8C62-438F3A5C786C}.Debug|Mixed Platforms.ActiveCfg = Debug|x86
		{14EB6E22-BB3A-4E00-8C62-438F3A5C786C}.Debug|Mixed Platforms.Build.0 = Debug|x86
		{14EB6E22-BB3A-4E00-8C62-438F3A5C786C}.Debug|x86.ActiveCfg = Debug|x86
		{14EB6E22-BB3A-4E00-8C62-438F3A5C786C}.Debug|x86.Build.0 = Debug|x86
		{14EB6E22-BB3A-4E00-8C62-438F3A5C786C}.Release|Any CPU.ActiveCfg = Release|x86
		{14EB6E22-BB3A-4E00-8C62-438F3A5C786C}.Release|Mixed Platforms.ActiveCfg = Release|x86
		{14EB6E22-BB3A-4E00-8C62-438F3A5C786C}.Release|Mixed Platforms.Build.0 = Release|x86
		{14EB6E22-BB3A-4E00-8C62-438F3A5C786C}.Release|x86.ActiveCfg = Release|x86
		{14EB6E22-BB3A-4E00-8C62-438F3A5C786C}.Release|x86.Build.0 = Release|x86
		{348A711C-C4B7-499D-9418-8920FF953B2B}.Debug|Any CPU.ActiveCfg = Debug|x86
		{348A711C-C4B7-499D-9418-8920FF953B2B}.Debug|Mixed Platforms.ActiveCfg = Debug|x86
		{348A711C-C4B7-499D-9418-8920FF953B2B}.Debug|Mixed Platforms.Build.0 = Debug|x86
		{348A711C-C4B7-499D-9418-8920FF953B2B}.Debug|x86.ActiveCfg = Debug|x86
		{348A711C-C4B7-499D-9418-8920FF953B2B}.Debug|x86.Build.0 = Debug|x86
		{348A711C-C4B7-499D-9418-8920FF953B2B}.Release|Any CPU.ActiveCfg = Release|x86
		{348A711C-C4B7-499D-9418-8920FF953B2B}.Release|Mixed Platforms.ActiveCfg = Release|x86
		{348A711C-C4B7-499D-9418-8920FF953B2B}.Release|Mixed Platforms.Build.0 = Release|x86
		{348A711C-C4B7-499D-9418-8920FF953B2B}.Release|x86.ActiveCfg = Release|x86
		{348A711C-C4B7-499D-9418-8920FF953B2B}.Release|x86.Build.0 = Release|x86
	EndGlobalSection
	GlobalSection(SolutionProperties) = preSolution
		HideSolutionNode = FALSE
	EndGlobalSection
	GlobalSection(NestedProjects) = preSolution
		{CFB2DADD-2021-46D8-90C1-D30B8A6457DB} = {B179EEDB-BEBB-417C-A870-782A4B66F522}
		{D9322347-F177-480E-B1CC-AC77A4051882} = {B179EEDB-BEBB-417C-A870-782A4B66F522}
		{BAF85352-3D81-4D18-A179-A867EF56633A} = {B179EEDB-BEBB-417C-A870-782A4B66F522}
		{495DE1C6-8AD0-4119-9279-02B5C2499D1F} = {B179EEDB-BEBB-417C-A870-782A4B66F522}
		{3A9FED3D-0EC6-412F-B690-5119A9EE2AD9} = {B179EEDB-BEBB-417C-A870-782A4B66F522}
		{6E342E58-E11E-4C26-819D-4D0328920770} = {B179EEDB-BEBB-417C-A870-782A4B66F522}
		{9D139AB3-2AC9-46AD-BAE6-6C206724CC1F} = {B179EEDB-BEBB-417C-A870-782A4B66F522}
		{DF4B1E0F-5024-43DD-9D39-94CAE88DBA9E} = {BAF85352-3D81-4D18-A179-A867EF56633A}
		{B9B8A606-963F-414A-9365-24F5BEF21225} = {495DE1C6-8AD0-4119-9279-02B5C2499D1F}
		{34675ACB-11F6-4F0D-8959-80F844CE7F2F} = {495DE1C6-8AD0-4119-9279-02B5C2499D1F}
		{E74EA0C8-24AE-450F-80D0-25BAC8CA51B1} = {495DE1C6-8AD0-4119-9279-02B5C2499D1F}
		{C5E55363-7FF3-4D03-B213-10832008FCA2} = {6E342E58-E11E-4C26-819D-4D0328920770}
		{14EB6E22-BB3A-4E00-8C62-438F3A5C786C} = {6E342E58-E11E-4C26-819D-4D0328920770}
		{348A711C-C4B7-499D-9418-8920FF953B2B} = {9D139AB3-2AC9-46AD-BAE6-6C206724CC1F}
	EndGlobalSection
EndGlobal
