
Microsoft Visual Studio Solution File, Format Version 12.00
# Visual Studio 14
VisualStudioVersion = 14.0.23107.0
MinimumVisualStudioVersion = 10.0.40219.1
Project("{FAE04EC0-301F-11D3-BF4B-00C04F79EFBC}") = "PropertyTools.Wpf_NET45", "PropertyTools.Wpf\PropertyTools.Wpf_NET45.csproj", "{7168F82F-288A-42C4-9EB1-FBBE5112F211}"
EndProject
Project("{FAE04EC0-301F-11D3-BF4B-00C04F79EFBC}") = "PropertyTools.Wpf.Tests_NET45", "PropertyTools.Wpf.Tests\PropertyTools.Wpf.Tests_NET45.csproj", "{470CC9A4-F4F4-429E-8F38-A2957F3EBE58}"
EndProject
Project("{2150E333-8FDC-42A3-9474-1A3956D46DE8}") = "Examples", "Examples", "{B179EEDB-BEBB-417C-A870-782A4B66F522}"
EndProject
Project("{FAE04EC0-301F-11D3-BF4B-00C04F79EFBC}") = "DialogDemos_NET45", "Examples\Controls\DialogDemos\DialogDemos_NET45.csproj", "{CFB2DADD-2021-46D8-90C1-D30B8A6457DB}"
EndProject
Project("{FAE04EC0-301F-11D3-BF4B-00C04F79EFBC}") = "ControlDemos_NET45", "Examples\Controls\ControlDemos\ControlDemos_NET45.csproj", "{D9322347-F177-480E-B1CC-AC77A4051882}"
EndProject
Project("{2150E333-8FDC-42A3-9474-1A3956D46DE8}") = "ItemsBag", "ItemsBag", "{BAF85352-3D81-4D18-A179-A867EF56633A}"
EndProject
Project("{FAE04EC0-301F-11D3-BF4B-00C04F79EFBC}") = "ItemsBagDemo_NET45", "Examples\ItemsBag\ItemsBagDemo\ItemsBagDemo_NET45.csproj", "{DF4B1E0F-5024-43DD-9D39-94CAE88DBA9E}"
EndProject
Project("{2150E333-8FDC-42A3-9474-1A3956D46DE8}") = "PropertyGrid", "PropertyGrid", "{495DE1C6-8AD0-4119-9279-02B5C2499D1F}"
EndProject
Project("{FAE04EC0-301F-11D3-BF4B-00C04F79EFBC}") = "PropertyGridDemo_NET45", "Examples\PropertyGrid\PropertyGridDemo\PropertyGridDemo_NET45.csproj", "{B9B8A606-963F-414A-9365-24F5BEF21225}"
EndProject
Project("{FAE04EC0-301F-11D3-BF4B-00C04F79EFBC}") = "ExampleLibrary_NET45", "Examples\PropertyGrid\ExampleLibrary\ExampleLibrary_NET45.csproj", "{3A9FED3D-0EC6-412F-B690-5119A9EE2AD9}"
EndProject
Project("{FAE04EC0-301F-11D3-BF4B-00C04F79EFBC}") = "UndoRedoDemo_NET45", "Examples\PropertyGrid\UndoRedoDemo\UndoRedoDemo_NET45.csproj", "{34675ACB-11F6-4F0D-8959-80F844CE7F2F}"
EndProject
Project("{FAE04EC0-301F-11D3-BF4B-00C04F79EFBC}") = "SimpleDemo_NET45", "Examples\PropertyGrid\SimpleDemo\SimpleDemo_NET45.csproj", "{E74EA0C8-24AE-450F-80D0-25BAC8CA51B1}"
EndProject
Project("{2150E333-8FDC-42A3-9474-1A3956D46DE8}") = "TreeListBox", "TreeListBox", "{6E342E58-E11E-4C26-819D-4D0328920770}"
EndProject
Project("{FAE04EC0-301F-11D3-BF4B-00C04F79EFBC}") = "DirectoryDemo_NET45", "Examples\TreeListBox\DirectoryDemo\DirectoryDemo_NET45.csproj", "{C5E55363-7FF3-4D03-B213-10832008FCA2}"
EndProject
Project("{FAE04EC0-301F-11D3-BF4B-00C04F79EFBC}") = "TreeListBoxDemo_NET45", "Examples\TreeListBox\TreeListBoxDemo\TreeListBoxDemo_NET45.csproj", "{14EB6E22-BB3A-4E00-8C62-438F3A5C786C}"
EndProject
Project("{2150E333-8FDC-42A3-9474-1A3956D46DE8}") = "DataGrid", "DataGrid", "{9D139AB3-2AC9-46AD-BAE6-6C206724CC1F}"
EndProject
Project("{FAE04EC0-301F-11D3-BF4B-00C04F79EFBC}") = "DataGridDemo_NET45", "Examples\DataGrid\DataGridDemo\DataGridDemo_NET45.csproj", "{348A711C-C4B7-499D-9418-8920FF953B2B}"
EndProject
Project("{FAE04EC0-301F-11D3-BF4B-00C04F79EFBC}") = "CustomFactoryDemo_NET45", "Examples\PropertyGrid\CustomFactoryDemo\CustomFactoryDemo_NET45.csproj", "{CDBBC579-4958-42DB-9BD6-F0D0EC441106}"
EndProject
Project("{2150E333-8FDC-42A3-9474-1A3956D46DE8}") = "Controls", "Controls", "{E81E0120-1158-4EFE-B443-CF8B70C4F190}"
EndProject
Project("{FAE04EC0-301F-11D3-BF4B-00C04F79EFBC}") = "PropertyTools_PCL", "PropertyTools\PropertyTools_PCL.csproj", "{C365CBC8-FB8C-439D-87A4-FAFBB25852EA}"
EndProject
Project("{FAE04EC0-301F-11D3-BF4B-00C04F79EFBC}") = "AddRemoveDemo_NET45", "Examples\TreeListBox\AddRemoveDemo_NET45\AddRemoveDemo_NET45.csproj", "{E8093378-7B09-4210-91EA-BDE29A2570A8}"
EndProject
Project("{FAE04EC0-301F-11D3-BF4B-00C04F79EFBC}") = "PropertyTools.DotNetProjects.Wpf.Extended.Toolkit_NET45", "PropertyTools.Wpf.ExtendedToolkit\PropertyTools.DotNetProjects.Wpf.Extended.Toolkit_NET45.csproj", "{EA2D98D9-0C0B-46C6-A657-5C4308B9E0A7}"
EndProject
Global
	GlobalSection(SolutionConfigurationPlatforms) = preSolution
		Debug|Any CPU = Debug|Any CPU
		Release|Any CPU = Release|Any CPU
	EndGlobalSection
	GlobalSection(ProjectConfigurationPlatforms) = postSolution
		{7168F82F-288A-42C4-9EB1-FBBE5112F211}.Debug|Any CPU.ActiveCfg = Debug|Any CPU
		{7168F82F-288A-42C4-9EB1-FBBE5112F211}.Debug|Any CPU.Build.0 = Debug|Any CPU
		{7168F82F-288A-42C4-9EB1-FBBE5112F211}.Release|Any CPU.ActiveCfg = Release|Any CPU
		{7168F82F-288A-42C4-9EB1-FBBE5112F211}.Release|Any CPU.Build.0 = Release|Any CPU
		{470CC9A4-F4F4-429E-8F38-A2957F3EBE58}.Debug|Any CPU.ActiveCfg = Debug|Any CPU
		{470CC9A4-F4F4-429E-8F38-A2957F3EBE58}.Debug|Any CPU.Build.0 = Debug|Any CPU
		{470CC9A4-F4F4-429E-8F38-A2957F3EBE58}.Release|Any CPU.ActiveCfg = Release|Any CPU
		{470CC9A4-F4F4-429E-8F38-A2957F3EBE58}.Release|Any CPU.Build.0 = Release|Any CPU
		{CFB2DADD-2021-46D8-90C1-D30B8A6457DB}.Debug|Any CPU.ActiveCfg = Debug|Any CPU
		{CFB2DADD-2021-46D8-90C1-D30B8A6457DB}.Debug|Any CPU.Build.0 = Debug|Any CPU
		{CFB2DADD-2021-46D8-90C1-D30B8A6457DB}.Release|Any CPU.ActiveCfg = Release|Any CPU
		{CFB2DADD-2021-46D8-90C1-D30B8A6457DB}.Release|Any CPU.Build.0 = Release|Any CPU
		{D9322347-F177-480E-B1CC-AC77A4051882}.Debug|Any CPU.ActiveCfg = Debug|Any CPU
		{D9322347-F177-480E-B1CC-AC77A4051882}.Debug|Any CPU.Build.0 = Debug|Any CPU
		{D9322347-F177-480E-B1CC-AC77A4051882}.Release|Any CPU.ActiveCfg = Release|Any CPU
		{D9322347-F177-480E-B1CC-AC77A4051882}.Release|Any CPU.Build.0 = Release|Any CPU
		{DF4B1E0F-5024-43DD-9D39-94CAE88DBA9E}.Debug|Any CPU.ActiveCfg = Debug|Any CPU
		{DF4B1E0F-5024-43DD-9D39-94CAE88DBA9E}.Debug|Any CPU.Build.0 = Debug|Any CPU
		{DF4B1E0F-5024-43DD-9D39-94CAE88DBA9E}.Release|Any CPU.ActiveCfg = Release|Any CPU
		{DF4B1E0F-5024-43DD-9D39-94CAE88DBA9E}.Release|Any CPU.Build.0 = Release|Any CPU
		{B9B8A606-963F-414A-9365-24F5BEF21225}.Debug|Any CPU.ActiveCfg = Debug|Any CPU
		{B9B8A606-963F-414A-9365-24F5BEF21225}.Debug|Any CPU.Build.0 = Debug|Any CPU
		{B9B8A606-963F-414A-9365-24F5BEF21225}.Release|Any CPU.ActiveCfg = Release|Any CPU
		{B9B8A606-963F-414A-9365-24F5BEF21225}.Release|Any CPU.Build.0 = Release|Any CPU
		{3A9FED3D-0EC6-412F-B690-5119A9EE2AD9}.Debug|Any CPU.ActiveCfg = Debug|Any CPU
		{3A9FED3D-0EC6-412F-B690-5119A9EE2AD9}.Debug|Any CPU.Build.0 = Debug|Any CPU
		{3A9FED3D-0EC6-412F-B690-5119A9EE2AD9}.Release|Any CPU.ActiveCfg = Release|Any CPU
		{3A9FED3D-0EC6-412F-B690-5119A9EE2AD9}.Release|Any CPU.Build.0 = Release|Any CPU
		{34675ACB-11F6-4F0D-8959-80F844CE7F2F}.Debug|Any CPU.ActiveCfg = Debug|Any CPU
		{34675ACB-11F6-4F0D-8959-80F844CE7F2F}.Debug|Any CPU.Build.0 = Debug|Any CPU
		{34675ACB-11F6-4F0D-8959-80F844CE7F2F}.Release|Any CPU.ActiveCfg = Release|Any CPU
		{34675ACB-11F6-4F0D-8959-80F844CE7F2F}.Release|Any CPU.Build.0 = Release|Any CPU
		{E74EA0C8-24AE-450F-80D0-25BAC8CA51B1}.Debug|Any CPU.ActiveCfg = Debug|Any CPU
		{E74EA0C8-24AE-450F-80D0-25BAC8CA51B1}.Debug|Any CPU.Build.0 = Debug|Any CPU
		{E74EA0C8-24AE-450F-80D0-25BAC8CA51B1}.Release|Any CPU.ActiveCfg = Release|Any CPU
		{E74EA0C8-24AE-450F-80D0-25BAC8CA51B1}.Release|Any CPU.Build.0 = Release|Any CPU
		{C5E55363-7FF3-4D03-B213-10832008FCA2}.Debug|Any CPU.ActiveCfg = Debug|Any CPU
		{C5E55363-7FF3-4D03-B213-10832008FCA2}.Debug|Any CPU.Build.0 = Debug|Any CPU
		{C5E55363-7FF3-4D03-B213-10832008FCA2}.Release|Any CPU.ActiveCfg = Release|Any CPU
		{C5E55363-7FF3-4D03-B213-10832008FCA2}.Release|Any CPU.Build.0 = Release|Any CPU
		{14EB6E22-BB3A-4E00-8C62-438F3A5C786C}.Debug|Any CPU.ActiveCfg = Debug|Any CPU
		{14EB6E22-BB3A-4E00-8C62-438F3A5C786C}.Debug|Any CPU.Build.0 = Debug|Any CPU
		{14EB6E22-BB3A-4E00-8C62-438F3A5C786C}.Release|Any CPU.ActiveCfg = Release|Any CPU
		{14EB6E22-BB3A-4E00-8C62-438F3A5C786C}.Release|Any CPU.Build.0 = Release|Any CPU
		{348A711C-C4B7-499D-9418-8920FF953B2B}.Debug|Any CPU.ActiveCfg = Debug|Any CPU
		{348A711C-C4B7-499D-9418-8920FF953B2B}.Debug|Any CPU.Build.0 = Debug|Any CPU
		{348A711C-C4B7-499D-9418-8920FF953B2B}.Release|Any CPU.ActiveCfg = Release|Any CPU
		{348A711C-C4B7-499D-9418-8920FF953B2B}.Release|Any CPU.Build.0 = Release|Any CPU
		{CDBBC579-4958-42DB-9BD6-F0D0EC441106}.Debug|Any CPU.ActiveCfg = Debug|Any CPU
		{CDBBC579-4958-42DB-9BD6-F0D0EC441106}.Debug|Any CPU.Build.0 = Debug|Any CPU
		{CDBBC579-4958-42DB-9BD6-F0D0EC441106}.Release|Any CPU.ActiveCfg = Release|Any CPU
		{CDBBC579-4958-42DB-9BD6-F0D0EC441106}.Release|Any CPU.Build.0 = Release|Any CPU
		{C365CBC8-FB8C-439D-87A4-FAFBB25852EA}.Debug|Any CPU.ActiveCfg = Debug|Any CPU
		{C365CBC8-FB8C-439D-87A4-FAFBB25852EA}.Debug|Any CPU.Build.0 = Debug|Any CPU
		{C365CBC8-FB8C-439D-87A4-FAFBB25852EA}.Release|Any CPU.ActiveCfg = Release|Any CPU
		{C365CBC8-FB8C-439D-87A4-FAFBB25852EA}.Release|Any CPU.Build.0 = Release|Any CPU
		{E8093378-7B09-4210-91EA-BDE29A2570A8}.Debug|Any CPU.ActiveCfg = Debug|Any CPU
		{E8093378-7B09-4210-91EA-BDE29A2570A8}.Debug|Any CPU.Build.0 = Debug|Any CPU
		{E8093378-7B09-4210-91EA-BDE29A2570A8}.Release|Any CPU.ActiveCfg = Release|Any CPU
		{E8093378-7B09-4210-91EA-BDE29A2570A8}.Release|Any CPU.Build.0 = Release|Any CPU
		{EA2D98D9-0C0B-46C6-A657-5C4308B9E0A7}.Debug|Any CPU.ActiveCfg = Debug|Any CPU
		{EA2D98D9-0C0B-46C6-A657-5C4308B9E0A7}.Debug|Any CPU.Build.0 = Debug|Any CPU
		{EA2D98D9-0C0B-46C6-A657-5C4308B9E0A7}.Release|Any CPU.ActiveCfg = Release|Any CPU
		{EA2D98D9-0C0B-46C6-A657-5C4308B9E0A7}.Release|Any CPU.Build.0 = Release|Any CPU
	EndGlobalSection
	GlobalSection(SolutionProperties) = preSolution
		HideSolutionNode = FALSE
	EndGlobalSection
	GlobalSection(NestedProjects) = preSolution
		{CFB2DADD-2021-46D8-90C1-D30B8A6457DB} = {E81E0120-1158-4EFE-B443-CF8B70C4F190}
		{D9322347-F177-480E-B1CC-AC77A4051882} = {E81E0120-1158-4EFE-B443-CF8B70C4F190}
		{BAF85352-3D81-4D18-A179-A867EF56633A} = {B179EEDB-BEBB-417C-A870-782A4B66F522}
		{DF4B1E0F-5024-43DD-9D39-94CAE88DBA9E} = {BAF85352-3D81-4D18-A179-A867EF56633A}
		{495DE1C6-8AD0-4119-9279-02B5C2499D1F} = {B179EEDB-BEBB-417C-A870-782A4B66F522}
		{B9B8A606-963F-414A-9365-24F5BEF21225} = {495DE1C6-8AD0-4119-9279-02B5C2499D1F}
		{3A9FED3D-0EC6-412F-B690-5119A9EE2AD9} = {495DE1C6-8AD0-4119-9279-02B5C2499D1F}
		{34675ACB-11F6-4F0D-8959-80F844CE7F2F} = {495DE1C6-8AD0-4119-9279-02B5C2499D1F}
		{E74EA0C8-24AE-450F-80D0-25BAC8CA51B1} = {495DE1C6-8AD0-4119-9279-02B5C2499D1F}
		{6E342E58-E11E-4C26-819D-4D0328920770} = {B179EEDB-BEBB-417C-A870-782A4B66F522}
		{C5E55363-7FF3-4D03-B213-10832008FCA2} = {6E342E58-E11E-4C26-819D-4D0328920770}
		{14EB6E22-BB3A-4E00-8C62-438F3A5C786C} = {6E342E58-E11E-4C26-819D-4D0328920770}
		{9D139AB3-2AC9-46AD-BAE6-6C206724CC1F} = {B179EEDB-BEBB-417C-A870-782A4B66F522}
		{348A711C-C4B7-499D-9418-8920FF953B2B} = {9D139AB3-2AC9-46AD-BAE6-6C206724CC1F}
		{CDBBC579-4958-42DB-9BD6-F0D0EC441106} = {495DE1C6-8AD0-4119-9279-02B5C2499D1F}
		{E81E0120-1158-4EFE-B443-CF8B70C4F190} = {B179EEDB-BEBB-417C-A870-782A4B66F522}
		{E8093378-7B09-4210-91EA-BDE29A2570A8} = {6E342E58-E11E-4C26-819D-4D0328920770}
	EndGlobalSection
EndGlobal
