
Microsoft Visual Studio Solution File, Format Version 12.00
# Visual Studio 14
VisualStudioVersion = 14.0.25420.1
MinimumVisualStudioVersion = 10.0.40219.1
Project("{FAE04EC0-301F-11D3-BF4B-00C04F79EFBC}") = "PropertyTools.Wpf", "PropertyTools.Wpf\PropertyTools.Wpf.csproj", "{7168F82F-288A-42C4-9EB1-FBBE5112F211}"
EndProject
Project("{FAE04EC0-301F-11D3-BF4B-00C04F79EFBC}") = "PropertyTools.Wpf.Tests", "PropertyTools.Wpf.Tests\PropertyTools.Wpf.Tests.csproj", "{470CC9A4-F4F4-429E-8F38-A2957F3EBE58}"
EndProject
Project("{FAE04EC0-301F-11D3-BF4B-00C04F79EFBC}") = "PropertyTools", "PropertyTools\PropertyTools.csproj", "{C365CBC8-FB8C-439D-87A4-FAFBB25852EA}"
EndProject
Project("{FAE04EC0-301F-11D3-BF4B-00C04F79EFBC}") = "PropertyTools.Wpf.Extended.Toolkit", "PropertyTools.Wpf.ExtendedToolkit\PropertyTools.Wpf.Extended.Toolkit.csproj", "{EA2D98D9-0C0B-46C6-A657-5C4308B9E0A7}"
EndProject
Global
	GlobalSection(SolutionConfigurationPlatforms) = preSolution
		Debug|Any CPU = Debug|Any CPU
		Release|Any CPU = Release|Any CPU
	EndGlobalSection
	GlobalSection(ProjectConfigurationPlatforms) = postSolution
		{7168F82F-288A-42C4-9EB1-FBBE5112F211}.Debug|Any CPU.ActiveCfg = Debug|Any CPU
		{7168F82F-288A-42C4-9EB1-FBBE5112F211}.Debug|Any CPU.Build.0 = Debug|Any CPU
		{7168F82F-288A-42C4-9EB1-FBBE5112F211}.Release|Any CPU.ActiveCfg = Release|Any CPU
		{7168F82F-288A-42C4-9EB1-FBBE5112F211}.Release|Any CPU.Build.0 = Release|Any CPU
		{470CC9A4-F4F4-429E-8F38-A2957F3EBE58}.Debug|Any CPU.ActiveCfg = Debug|Any CPU
		{470CC9A4-F4F4-429E-8F38-A2957F3EBE58}.Debug|Any CPU.Build.0 = Debug|Any CPU
		{470CC9A4-F4F4-429E-8F38-A2957F3EBE58}.Release|Any CPU.ActiveCfg = Release|Any CPU
		{470CC9A4-F4F4-429E-8F38-A2957F3EBE58}.Release|Any CPU.Build.0 = Release|Any CPU
		{C365CBC8-FB8C-439D-87A4-FAFBB25852EA}.Debug|Any CPU.ActiveCfg = Debug|Any CPU
		{C365CBC8-FB8C-439D-87A4-FAFBB25852EA}.Debug|Any CPU.Build.0 = Debug|Any CPU
		{C365CBC8-FB8C-439D-87A4-FAFBB25852EA}.Release|Any CPU.ActiveCfg = Release|Any CPU
		{C365CBC8-FB8C-439D-87A4-FAFBB25852EA}.Release|Any CPU.Build.0 = Release|Any CPU
		{EA2D98D9-0C0B-46C6-A657-5C4308B9E0A7}.Debug|Any CPU.ActiveCfg = Debug|Any CPU
		{EA2D98D9-0C0B-46C6-A657-5C4308B9E0A7}.Debug|Any CPU.Build.0 = Debug|Any CPU
		{EA2D98D9-0C0B-46C6-A657-5C4308B9E0A7}.Release|Any CPU.ActiveCfg = Release|Any CPU
		{EA2D98D9-0C0B-46C6-A657-5C4308B9E0A7}.Release|Any CPU.Build.0 = Release|Any CPU
	EndGlobalSection
	GlobalSection(SolutionProperties) = preSolution
		HideSolutionNode = FALSE
	EndGlobalSection
EndGlobal
